
Microsoft Visual Studio Solution File, Format Version 12.00
# Visual Studio Version 16
VisualStudioVersion = 16.0.28606.126
MinimumVisualStudioVersion = 10.0.40219.1
Project("{FAE04EC0-301F-11D3-BF4B-00C04F79EFBC}") = "WebApp", "WebApp\WebApp.csproj", "{C603582A-73B7-42EE-99E3-9734E84AF97F}"
EndProject
Project("{FAE04EC0-301F-11D3-BF4B-00C04F79EFBC}") = "DAL", "DAL\DAL.csproj", "{5A784E0B-0AD0-411A-97ED-C429C9D2EA27}"
EndProject
Global
	GlobalSection(SolutionConfigurationPlatforms) = preSolution
		Debug|Any CPU = Debug|Any CPU
		Release|Any CPU = Release|Any CPU
	EndGlobalSection
	GlobalSection(ProjectConfigurationPlatforms) = postSolution
		{C603582A-73B7-42EE-99E3-9734E84AF97F}.Debug|Any CPU.ActiveCfg = Debug|Any CPU
		{C603582A-73B7-42EE-99E3-9734E84AF97F}.Debug|Any CPU.Build.0 = Debug|Any CPU
		{C603582A-73B7-42EE-99E3-9734E84AF97F}.Release|Any CPU.ActiveCfg = Release|Any CPU
		{C603582A-73B7-42EE-99E3-9734E84AF97F}.Release|Any CPU.Build.0 = Release|Any CPU
		{5A784E0B-0AD0-411A-97ED-C429C9D2EA27}.Debug|Any CPU.ActiveCfg = Debug|Any CPU
		{5A784E0B-0AD0-411A-97ED-C429C9D2EA27}.Debug|Any CPU.Build.0 = Debug|Any CPU
		{5A784E0B-0AD0-411A-97ED-C429C9D2EA27}.Release|Any CPU.ActiveCfg = Release|Any CPU
		{5A784E0B-0AD0-411A-97ED-C429C9D2EA27}.Release|Any CPU.Build.0 = Release|Any CPU
	EndGlobalSection
	GlobalSection(SolutionProperties) = preSolution
		HideSolutionNode = FALSE
	EndGlobalSection
	GlobalSection(ExtensibilityGlobals) = postSolution
		SolutionGuid = {91A0EEC3-A65A-42A0-A72E-F434FC273E67}
	EndGlobalSection
EndGlobal
